# THIS IS AN AUTOGENERATED FILE. DO NOT EDIT THIS FILE DIRECTLY.
# yarn lockfile v1


can-use-dom@0.1.0:
  version "0.1.0"
  resolved "https://registry.yarnpkg.com/can-use-dom/-/can-use-dom-0.1.0.tgz#22cc4a34a0abc43950f42c6411024a3f6366b45a"
  integrity sha1-IsxKNKCrxDlQ9CxkEQJKP2NmtFo=

cxs@6.2.0:
  version "6.2.0"
  resolved "https://registry.yarnpkg.com/cxs/-/cxs-6.2.0.tgz#f11ca3bdaef154b93bdadca5df70f2cb3e37ca24"
  integrity sha512-RGatb1BUwVMBzV8DRo9Kapc55bdGfAxMcukVk+ZzE3Ts8xaTve0GVz730kBDxjhEBU2LK+RPuAcjZb00Q3O24w==

picturefill@3.0.3:
  version "3.0.3"
  resolved "https://registry.yarnpkg.com/picturefill/-/picturefill-3.0.3.tgz#a5c38eeb02d74def38e1790ff61e166166b4f224"
  integrity sha512-JDdx+3i4fs2pkqwWZJgGEM2vFWsq+01YsQFT9CKPGuv2Q0xSdrQZoxi9XwyNARTgxiOdgoAwWQRluLRe/JQX2g==

react-responsive-picture@^3.2.2:
  version "3.2.2"
  resolved "https://registry.yarnpkg.com/react-responsive-picture/-/react-responsive-picture-3.2.2.tgz#0095ef8fe0913f1acbe5dc124a74ae0905f76fca"
  integrity sha512-vqaWBL9h7GWA/Asec+tbq3TG1LPN46i+PDeNymw2VydT3W6Z9QEjPbuJhuUmLz9q7JOaMdMwGMIRDfVDw/RTlw==
  dependencies:
    can-use-dom "0.1.0"
    cxs "6.2.0"
    picturefill "3.0.3"
